// !$*UTF8*$!
{
	archiveVersion = 1;
	classes = {
	};
	objectVersion = 46;
	objects = {

/* Begin PBXBuildFile section */
		7E712B421ABDCE5200EC6D30 /* main.m in Sources */ = {isa = PBXBuildFile; fileRef = 7E712B411ABDCE5200EC6D30 /* main.m */; };
		7E712B451ABDCE5200EC6D30 /* AppDelegate.m in Sources */ = {isa = PBXBuildFile; fileRef = 7E712B441ABDCE5200EC6D30 /* AppDelegate.m */; };
		7E712B481ABDCE5200EC6D30 /* ViewController.m in Sources */ = {isa = PBXBuildFile; fileRef = 7E712B471ABDCE5200EC6D30 /* ViewController.m */; };
		7E712B4B1ABDCE5200EC6D30 /* Main.storyboard in Resources */ = {isa = PBXBuildFile; fileRef = 7E712B491ABDCE5200EC6D30 /* Main.storyboard */; };
		7E712B4D1ABDCE5200EC6D30 /* Images.xcassets in Resources */ = {isa = PBXBuildFile; fileRef = 7E712B4C1ABDCE5200EC6D30 /* Images.xcassets */; };
		7E712B501ABDCE5200EC6D30 /* LaunchScreen.xib in Resources */ = {isa = PBXBuildFile; fileRef = 7E712B4E1ABDCE5200EC6D30 /* LaunchScreen.xib */; };
		7E712B5C1ABDCE5200EC6D30 /* TweetRollTests.m in Sources */ = {isa = PBXBuildFile; fileRef = 7E712B5B1ABDCE5200EC6D30 /* TweetRollTests.m */; };
		7E712B701ABDD4D700EC6D30 /* AddressBook.framework in Frameworks */ = {isa = PBXBuildFile; fileRef = 7E712B6F1ABDD4D700EC6D30 /* AddressBook.framework */; };
		7E712B721ABDD4E100EC6D30 /* CoreData.framework in Frameworks */ = {isa = PBXBuildFile; fileRef = 7E712B711ABDD4E100EC6D30 /* CoreData.framework */; };
		7E712B741ABDD4EC00EC6D30 /* Social.framework in Frameworks */ = {isa = PBXBuildFile; fileRef = 7E712B731ABDD4EC00EC6D30 /* Social.framework */; };
		7E712B761ABDD51800EC6D30 /* Accounts.framework in Frameworks */ = {isa = PBXBuildFile; fileRef = 7E712B751ABDD51800EC6D30 /* Accounts.framework */; };
		7ED8E0C61CBEECE3003A78C2 /* CCCollectionViewCell.m in Sources */ = {isa = PBXBuildFile; fileRef = 7ED8E0C51CBEECE3003A78C2 /* CCCollectionViewCell.m */; };
		7EF977F41CBE864A00210E5E /* CCTwitterClient.m in Sources */ = {isa = PBXBuildFile; fileRef = 7E00E63D1ABDDE95003BCAAA /* CCTwitterClient.m */; };
		7EF977F51CBE864E00210E5E /* CCTweet.m in Sources */ = {isa = PBXBuildFile; fileRef = 7E00E6411ABDE834003BCAAA /* CCTweet.m */; };
		7EF977F61CBE865000210E5E /* CCTweetMedia.m in Sources */ = {isa = PBXBuildFile; fileRef = 7E00E6441ABDEB92003BCAAA /* CCTweetMedia.m */; };
		D217A571AEE9838372DC9C56 /* libPods-TweetRoll.a in Frameworks */ = {isa = PBXBuildFile; fileRef = F08AE5F25D97C365384B6E12 /* libPods-TweetRoll.a */; };
/* End PBXBuildFile section */

/* Begin PBXContainerItemProxy section */
		7E712B561ABDCE5200EC6D30 /* PBXContainerItemProxy */ = {
			isa = PBXContainerItemProxy;
			containerPortal = 7E712B341ABDCE5200EC6D30 /* Project object */;
			proxyType = 1;
			remoteGlobalIDString = 7E712B3B1ABDCE5200EC6D30;
			remoteInfo = TweetRoll;
		};
/* End PBXContainerItemProxy section */

/* Begin PBXFileReference section */
		498D1B954B6998BE2976F6A9 /* Pods-TweetRoll.release.xcconfig */ = {isa = PBXFileReference; includeInIndex = 1; lastKnownFileType = text.xcconfig; name = "Pods-TweetRoll.release.xcconfig"; path = "Pods/Target Support Files/Pods-TweetRoll/Pods-TweetRoll.release.xcconfig"; sourceTree = "<group>"; };
		7E00E62F1ABDD8A9003BCAAA /* Fabric.framework */ = {isa = PBXFileReference; lastKnownFileType = wrapper.framework; path = Fabric.framework; sourceTree = "<group>"; };
		7E00E6341ABDDBD4003BCAAA /* TwitterKit.framework */ = {isa = PBXFileReference; lastKnownFileType = wrapper.framework; path = TwitterKit.framework; sourceTree = "<group>"; };
		7E00E6361ABDDBE4003BCAAA /* TwitterKitResources.bundle */ = {isa = PBXFileReference; lastKnownFileType = "wrapper.plug-in"; name = TwitterKitResources.bundle; path = TwitterKit.framework/Versions/A/Resources/TwitterKitResources.bundle; sourceTree = "<group>"; };
		7E00E63C1ABDDE95003BCAAA /* CCTwitterClient.h */ = {isa = PBXFileReference; fileEncoding = 4; lastKnownFileType = sourcecode.c.h; path = CCTwitterClient.h; sourceTree = "<group>"; };
		7E00E63D1ABDDE95003BCAAA /* CCTwitterClient.m */ = {isa = PBXFileReference; fileEncoding = 4; lastKnownFileType = sourcecode.c.objc; path = CCTwitterClient.m; sourceTree = "<group>"; };
		7E00E6401ABDE834003BCAAA /* CCTweet.h */ = {isa = PBXFileReference; fileEncoding = 4; lastKnownFileType = sourcecode.c.h; path = CCTweet.h; sourceTree = "<group>"; };
		7E00E6411ABDE834003BCAAA /* CCTweet.m */ = {isa = PBXFileReference; fileEncoding = 4; lastKnownFileType = sourcecode.c.objc; path = CCTweet.m; sourceTree = "<group>"; };
		7E00E6431ABDEB92003BCAAA /* CCTweetMedia.h */ = {isa = PBXFileReference; fileEncoding = 4; lastKnownFileType = sourcecode.c.h; path = CCTweetMedia.h; sourceTree = "<group>"; };
		7E00E6441ABDEB92003BCAAA /* CCTweetMedia.m */ = {isa = PBXFileReference; fileEncoding = 4; lastKnownFileType = sourcecode.c.objc; path = CCTweetMedia.m; sourceTree = "<group>"; };
		7E712B3C1ABDCE5200EC6D30 /* TweetRoll.app */ = {isa = PBXFileReference; explicitFileType = wrapper.application; includeInIndex = 0; path = TweetRoll.app; sourceTree = BUILT_PRODUCTS_DIR; };
		7E712B401ABDCE5200EC6D30 /* Info.plist */ = {isa = PBXFileReference; lastKnownFileType = text.plist.xml; path = Info.plist; sourceTree = "<group>"; };
		7E712B411ABDCE5200EC6D30 /* main.m */ = {isa = PBXFileReference; lastKnownFileType = sourcecode.c.objc; path = main.m; sourceTree = "<group>"; };
		7E712B431ABDCE5200EC6D30 /* AppDelegate.h */ = {isa = PBXFileReference; lastKnownFileType = sourcecode.c.h; path = AppDelegate.h; sourceTree = "<group>"; };
		7E712B441ABDCE5200EC6D30 /* AppDelegate.m */ = {isa = PBXFileReference; lastKnownFileType = sourcecode.c.objc; path = AppDelegate.m; sourceTree = "<group>"; };
		7E712B461ABDCE5200EC6D30 /* ViewController.h */ = {isa = PBXFileReference; lastKnownFileType = sourcecode.c.h; path = ViewController.h; sourceTree = "<group>"; };
		7E712B471ABDCE5200EC6D30 /* ViewController.m */ = {isa = PBXFileReference; lastKnownFileType = sourcecode.c.objc; path = ViewController.m; sourceTree = "<group>"; };
		7E712B4A1ABDCE5200EC6D30 /* Base */ = {isa = PBXFileReference; lastKnownFileType = file.storyboard; name = Base; path = Base.lproj/Main.storyboard; sourceTree = "<group>"; };
		7E712B4C1ABDCE5200EC6D30 /* Images.xcassets */ = {isa = PBXFileReference; lastKnownFileType = folder.assetcatalog; path = Images.xcassets; sourceTree = "<group>"; };
		7E712B4F1ABDCE5200EC6D30 /* Base */ = {isa = PBXFileReference; lastKnownFileType = file.xib; name = Base; path = Base.lproj/LaunchScreen.xib; sourceTree = "<group>"; };
		7E712B551ABDCE5200EC6D30 /* TweetRollTests.xctest */ = {isa = PBXFileReference; explicitFileType = wrapper.cfbundle; includeInIndex = 0; path = TweetRollTests.xctest; sourceTree = BUILT_PRODUCTS_DIR; };
		7E712B5A1ABDCE5200EC6D30 /* Info.plist */ = {isa = PBXFileReference; lastKnownFileType = text.plist.xml; path = Info.plist; sourceTree = "<group>"; };
		7E712B5B1ABDCE5200EC6D30 /* TweetRollTests.m */ = {isa = PBXFileReference; lastKnownFileType = sourcecode.c.objc; path = TweetRollTests.m; sourceTree = "<group>"; };
		7E712B6F1ABDD4D700EC6D30 /* AddressBook.framework */ = {isa = PBXFileReference; lastKnownFileType = wrapper.framework; name = AddressBook.framework; path = System/Library/Frameworks/AddressBook.framework; sourceTree = SDKROOT; };
		7E712B711ABDD4E100EC6D30 /* CoreData.framework */ = {isa = PBXFileReference; lastKnownFileType = wrapper.framework; name = CoreData.framework; path = System/Library/Frameworks/CoreData.framework; sourceTree = SDKROOT; };
		7E712B731ABDD4EC00EC6D30 /* Social.framework */ = {isa = PBXFileReference; lastKnownFileType = wrapper.framework; name = Social.framework; path = System/Library/Frameworks/Social.framework; sourceTree = SDKROOT; };
		7E712B751ABDD51800EC6D30 /* Accounts.framework */ = {isa = PBXFileReference; lastKnownFileType = wrapper.framework; name = Accounts.framework; path = System/Library/Frameworks/Accounts.framework; sourceTree = SDKROOT; };
		7ED8E0C41CBEECE3003A78C2 /* CCCollectionViewCell.h */ = {isa = PBXFileReference; fileEncoding = 4; lastKnownFileType = sourcecode.c.h; path = CCCollectionViewCell.h; sourceTree = "<group>"; };
		7ED8E0C51CBEECE3003A78C2 /* CCCollectionViewCell.m */ = {isa = PBXFileReference; fileEncoding = 4; lastKnownFileType = sourcecode.c.objc; path = CCCollectionViewCell.m; sourceTree = "<group>"; };
		7EF977EF1CBE805D00210E5E /* DigitsKit.framework */ = {isa = PBXFileReference; lastKnownFileType = wrapper.framework; path = DigitsKit.framework; sourceTree = "<group>"; };
		7EF977F01CBE805D00210E5E /* TwitterCore.framework */ = {isa = PBXFileReference; lastKnownFileType = wrapper.framework; path = TwitterCore.framework; sourceTree = "<group>"; };
		956276059CE13A0FA05120BF /* Pods-TweetRoll.debug.xcconfig */ = {isa = PBXFileReference; includeInIndex = 1; lastKnownFileType = text.xcconfig; name = "Pods-TweetRoll.debug.xcconfig"; path = "Pods/Target Support Files/Pods-TweetRoll/Pods-TweetRoll.debug.xcconfig"; sourceTree = "<group>"; };
		F08AE5F25D97C365384B6E12 /* libPods-TweetRoll.a */ = {isa = PBXFileReference; explicitFileType = archive.ar; includeInIndex = 0; path = "libPods-TweetRoll.a"; sourceTree = BUILT_PRODUCTS_DIR; };
/* End PBXFileReference section */

/* Begin PBXFrameworksBuildPhase section */
		7E712B391ABDCE5200EC6D30 /* Frameworks */ = {
			isa = PBXFrameworksBuildPhase;
			buildActionMask = 2147483647;
			files = (
				7E712B761ABDD51800EC6D30 /* Accounts.framework in Frameworks */,
				7E712B741ABDD4EC00EC6D30 /* Social.framework in Frameworks */,
				7E712B721ABDD4E100EC6D30 /* CoreData.framework in Frameworks */,
				7E712B701ABDD4D700EC6D30 /* AddressBook.framework in Frameworks */,
				D217A571AEE9838372DC9C56 /* libPods-TweetRoll.a in Frameworks */,
			);
			runOnlyForDeploymentPostprocessing = 0;
		};
		7E712B521ABDCE5200EC6D30 /* Frameworks */ = {
			isa = PBXFrameworksBuildPhase;
			buildActionMask = 2147483647;
			files = (
			);
			runOnlyForDeploymentPostprocessing = 0;
		};
/* End PBXFrameworksBuildPhase section */

/* Begin PBXGroup section */
		4E64920A196D1AC26C73C3D4 /* Pods */ = {
			isa = PBXGroup;
			children = (
				956276059CE13A0FA05120BF /* Pods-TweetRoll.debug.xcconfig */,
				498D1B954B6998BE2976F6A9 /* Pods-TweetRoll.release.xcconfig */,
			);
			name = Pods;
			sourceTree = "<group>";
		};
		7E00E6381ABDDE47003BCAAA /* Classes */ = {
			isa = PBXGroup;
			children = (
				7E00E63C1ABDDE95003BCAAA /* CCTwitterClient.h */,
				7E00E63D1ABDDE95003BCAAA /* CCTwitterClient.m */,
			);
			name = Classes;
			sourceTree = "<group>";
		};
		7E00E6391ABDDE4E003BCAAA /* Controllers */ = {
			isa = PBXGroup;
			children = (
				7ED8E0C71CBEECE6003A78C2 /* Views */,
				7E712B461ABDCE5200EC6D30 /* ViewController.h */,
				7E712B471ABDCE5200EC6D30 /* ViewController.m */,
			);
			name = Controllers;
			sourceTree = "<group>";
		};
		7E00E63A1ABDDE5A003BCAAA /* Application */ = {
			isa = PBXGroup;
			children = (
				7E712B431ABDCE5200EC6D30 /* AppDelegate.h */,
				7E712B441ABDCE5200EC6D30 /* AppDelegate.m */,
				7E712B491ABDCE5200EC6D30 /* Main.storyboard */,
				7E712B4E1ABDCE5200EC6D30 /* LaunchScreen.xib */,
			);
			name = Application;
			sourceTree = "<group>";
		};
		7E00E63F1ABDE81E003BCAAA /* Model */ = {
			isa = PBXGroup;
			children = (
				7E00E6401ABDE834003BCAAA /* CCTweet.h */,
				7E00E6411ABDE834003BCAAA /* CCTweet.m */,
				7E00E6431ABDEB92003BCAAA /* CCTweetMedia.h */,
				7E00E6441ABDEB92003BCAAA /* CCTweetMedia.m */,
			);
			name = Model;
			sourceTree = "<group>";
		};
		7E712B331ABDCE5200EC6D30 = {
			isa = PBXGroup;
			children = (
				7E712B3E1ABDCE5200EC6D30 /* TweetRoll */,
				7E712B581ABDCE5200EC6D30 /* TweetRollTests */,
				7E712B6E1ABDD3EF00EC6D30 /* Frameworks */,
				7E712B3D1ABDCE5200EC6D30 /* Products */,
				4E64920A196D1AC26C73C3D4 /* Pods */,
			);
			sourceTree = "<group>";
		};
		7E712B3D1ABDCE5200EC6D30 /* Products */ = {
			isa = PBXGroup;
			children = (
				7E712B3C1ABDCE5200EC6D30 /* TweetRoll.app */,
				7E712B551ABDCE5200EC6D30 /* TweetRollTests.xctest */,
			);
			name = Products;
			sourceTree = "<group>";
		};
		7E712B3E1ABDCE5200EC6D30 /* TweetRoll */ = {
			isa = PBXGroup;
			children = (
				7E00E63A1ABDDE5A003BCAAA /* Application */,
				7E00E6381ABDDE47003BCAAA /* Classes */,
				7E00E63F1ABDE81E003BCAAA /* Model */,
				7E00E6391ABDDE4E003BCAAA /* Controllers */,
				7E712B4C1ABDCE5200EC6D30 /* Images.xcassets */,
				7E712B3F1ABDCE5200EC6D30 /* Supporting Files */,
			);
			path = TweetRoll;
			sourceTree = "<group>";
		};
		7E712B3F1ABDCE5200EC6D30 /* Supporting Files */ = {
			isa = PBXGroup;
			children = (
				7E712B401ABDCE5200EC6D30 /* Info.plist */,
				7E712B411ABDCE5200EC6D30 /* main.m */,
			);
			name = "Supporting Files";
			sourceTree = "<group>";
		};
		7E712B581ABDCE5200EC6D30 /* TweetRollTests */ = {
			isa = PBXGroup;
			children = (
				7E712B5B1ABDCE5200EC6D30 /* TweetRollTests.m */,
				7E712B591ABDCE5200EC6D30 /* Supporting Files */,
			);
			path = TweetRollTests;
			sourceTree = "<group>";
		};
		7E712B591ABDCE5200EC6D30 /* Supporting Files */ = {
			isa = PBXGroup;
			children = (
				7E712B5A1ABDCE5200EC6D30 /* Info.plist */,
			);
			name = "Supporting Files";
			sourceTree = "<group>";
		};
		7E712B6E1ABDD3EF00EC6D30 /* Frameworks */ = {
			isa = PBXGroup;
			children = (
				7EF977EF1CBE805D00210E5E /* DigitsKit.framework */,
				7EF977F01CBE805D00210E5E /* TwitterCore.framework */,
				7E00E6361ABDDBE4003BCAAA /* TwitterKitResources.bundle */,
				7E00E6341ABDDBD4003BCAAA /* TwitterKit.framework */,
				7E00E62F1ABDD8A9003BCAAA /* Fabric.framework */,
				7E712B751ABDD51800EC6D30 /* Accounts.framework */,
				7E712B731ABDD4EC00EC6D30 /* Social.framework */,
				7E712B711ABDD4E100EC6D30 /* CoreData.framework */,
				7E712B6F1ABDD4D700EC6D30 /* AddressBook.framework */,
				F08AE5F25D97C365384B6E12 /* libPods-TweetRoll.a */,
			);
			name = Frameworks;
			sourceTree = "<group>";
		};
		7ED8E0C71CBEECE6003A78C2 /* Views */ = {
			isa = PBXGroup;
			children = (
				7ED8E0C41CBEECE3003A78C2 /* CCCollectionViewCell.h */,
				7ED8E0C51CBEECE3003A78C2 /* CCCollectionViewCell.m */,
			);
			name = Views;
			sourceTree = "<group>";
		};
/* End PBXGroup section */

/* Begin PBXNativeTarget section */
		7E712B3B1ABDCE5200EC6D30 /* TweetRoll */ = {
			isa = PBXNativeTarget;
			buildConfigurationList = 7E712B5F1ABDCE5200EC6D30 /* Build configuration list for PBXNativeTarget "TweetRoll" */;
			buildPhases = (
				B9BA695DE01CF636BF262C7F /* Check Pods Manifest.lock */,
				7E712B381ABDCE5200EC6D30 /* Sources */,
				7E712B391ABDCE5200EC6D30 /* Frameworks */,
				7E712B3A1ABDCE5200EC6D30 /* Resources */,
				FF645D9E61398700D3426732 /* Copy Pods Resources */,
				D06A7EFBEB565539C8B61294 /* Embed Pods Frameworks */,
				7EF977F31CBE828C00210E5E /* Fabric */,
			);
			buildRules = (
			);
			dependencies = (
			);
			name = TweetRoll;
			productName = TweetRoll;
			productReference = 7E712B3C1ABDCE5200EC6D30 /* TweetRoll.app */;
			productType = "com.apple.product-type.application";
		};
		7E712B541ABDCE5200EC6D30 /* TweetRollTests */ = {
			isa = PBXNativeTarget;
			buildConfigurationList = 7E712B621ABDCE5200EC6D30 /* Build configuration list for PBXNativeTarget "TweetRollTests" */;
			buildPhases = (
				7E712B511ABDCE5200EC6D30 /* Sources */,
				7E712B521ABDCE5200EC6D30 /* Frameworks */,
				7E712B531ABDCE5200EC6D30 /* Resources */,
			);
			buildRules = (
			);
			dependencies = (
				7E712B571ABDCE5200EC6D30 /* PBXTargetDependency */,
			);
			name = TweetRollTests;
			productName = TweetRollTests;
			productReference = 7E712B551ABDCE5200EC6D30 /* TweetRollTests.xctest */;
			productType = "com.apple.product-type.bundle.unit-test";
		};
/* End PBXNativeTarget section */

/* Begin PBXProject section */
		7E712B341ABDCE5200EC6D30 /* Project object */ = {
			isa = PBXProject;
			attributes = {
				CLASSPREFIX = CC;
				LastUpgradeCheck = 0730;
				ORGANIZATIONNAME = "Cameron Cooke";
				TargetAttributes = {
					7E712B3B1ABDCE5200EC6D30 = {
						CreatedOnToolsVersion = 6.2;
					};
					7E712B541ABDCE5200EC6D30 = {
						CreatedOnToolsVersion = 6.2;
						TestTargetID = 7E712B3B1ABDCE5200EC6D30;
					};
				};
			};
			buildConfigurationList = 7E712B371ABDCE5200EC6D30 /* Build configuration list for PBXProject "TweetRoll" */;
			compatibilityVersion = "Xcode 3.2";
			developmentRegion = English;
			hasScannedForEncodings = 0;
			knownRegions = (
				en,
				Base,
			);
			mainGroup = 7E712B331ABDCE5200EC6D30;
			productRefGroup = 7E712B3D1ABDCE5200EC6D30 /* Products */;
			projectDirPath = "";
			projectRoot = "";
			targets = (
				7E712B3B1ABDCE5200EC6D30 /* TweetRoll */,
				7E712B541ABDCE5200EC6D30 /* TweetRollTests */,
			);
		};
/* End PBXProject section */

/* Begin PBXResourcesBuildPhase section */
		7E712B3A1ABDCE5200EC6D30 /* Resources */ = {
			isa = PBXResourcesBuildPhase;
			buildActionMask = 2147483647;
			files = (
				7E712B4B1ABDCE5200EC6D30 /* Main.storyboard in Resources */,
				7E712B501ABDCE5200EC6D30 /* LaunchScreen.xib in Resources */,
				7E712B4D1ABDCE5200EC6D30 /* Images.xcassets in Resources */,
			);
			runOnlyForDeploymentPostprocessing = 0;
		};
		7E712B531ABDCE5200EC6D30 /* Resources */ = {
			isa = PBXResourcesBuildPhase;
			buildActionMask = 2147483647;
			files = (
			);
			runOnlyForDeploymentPostprocessing = 0;
		};
/* End PBXResourcesBuildPhase section */

/* Begin PBXShellScriptBuildPhase section */
		7EF977F31CBE828C00210E5E /* Fabric */ = {
			isa = PBXShellScriptBuildPhase;
			buildActionMask = 2147483647;
			files = (
			);
			inputPaths = (
			);
			name = Fabric;
			outputPaths = (
			);
			runOnlyForDeploymentPostprocessing = 0;
			shellPath = /bin/sh;
			shellScript = "\"${PODS_ROOT}/Fabric/run\" a986bea7898edb1c501c7be2756b52b3de2c0422 b78ad9d6894bcad0570ac2d3580dac0b2538d0b796d475d82fa5688b2e5e93f2";
		};
		B9BA695DE01CF636BF262C7F /* Check Pods Manifest.lock */ = {
			isa = PBXShellScriptBuildPhase;
			buildActionMask = 2147483647;
			files = (
			);
			inputPaths = (
			);
			name = "Check Pods Manifest.lock";
			outputPaths = (
			);
			runOnlyForDeploymentPostprocessing = 0;
			shellPath = /bin/sh;
			shellScript = "diff \"${PODS_ROOT}/../Podfile.lock\" \"${PODS_ROOT}/Manifest.lock\" > /dev/null\nif [[ $? != 0 ]] ; then\n    cat << EOM\nerror: The sandbox is not in sync with the Podfile.lock. Run 'pod install' or update your CocoaPods installation.\nEOM\n    exit 1\nfi\n";
			showEnvVarsInLog = 0;
		};
		D06A7EFBEB565539C8B61294 /* Embed Pods Frameworks */ = {
			isa = PBXShellScriptBuildPhase;
			buildActionMask = 2147483647;
			files = (
			);
			inputPaths = (
			);
			name = "Embed Pods Frameworks";
			outputPaths = (
			);
			runOnlyForDeploymentPostprocessing = 0;
			shellPath = /bin/sh;
			shellScript = "\"${SRCROOT}/Pods/Target Support Files/Pods-TweetRoll/Pods-TweetRoll-frameworks.sh\"\n";
			showEnvVarsInLog = 0;
		};
		FF645D9E61398700D3426732 /* Copy Pods Resources */ = {
			isa = PBXShellScriptBuildPhase;
			buildActionMask = 2147483647;
			files = (
			);
			inputPaths = (
			);
			name = "Copy Pods Resources";
			outputPaths = (
			);
			runOnlyForDeploymentPostprocessing = 0;
			shellPath = /bin/sh;
			shellScript = "\"${SRCROOT}/Pods/Target Support Files/Pods-TweetRoll/Pods-TweetRoll-resources.sh\"\n";
			showEnvVarsInLog = 0;
		};
/* End PBXShellScriptBuildPhase section */

/* Begin PBXSourcesBuildPhase section */
		7E712B381ABDCE5200EC6D30 /* Sources */ = {
			isa = PBXSourcesBuildPhase;
			buildActionMask = 2147483647;
			files = (
				7EF977F41CBE864A00210E5E /* CCTwitterClient.m in Sources */,
				7ED8E0C61CBEECE3003A78C2 /* CCCollectionViewCell.m in Sources */,
				7E712B481ABDCE5200EC6D30 /* ViewController.m in Sources */,
				7E712B451ABDCE5200EC6D30 /* AppDelegate.m in Sources */,
				7E712B421ABDCE5200EC6D30 /* main.m in Sources */,
				7EF977F61CBE865000210E5E /* CCTweetMedia.m in Sources */,
				7EF977F51CBE864E00210E5E /* CCTweet.m in Sources */,
			);
			runOnlyForDeploymentPostprocessing = 0;
		};
		7E712B511ABDCE5200EC6D30 /* Sources */ = {
			isa = PBXSourcesBuildPhase;
			buildActionMask = 2147483647;
			files = (
				7E712B5C1ABDCE5200EC6D30 /* TweetRollTests.m in Sources */,
			);
			runOnlyForDeploymentPostprocessing = 0;
		};
/* End PBXSourcesBuildPhase section */

/* Begin PBXTargetDependency section */
		7E712B571ABDCE5200EC6D30 /* PBXTargetDependency */ = {
			isa = PBXTargetDependency;
			target = 7E712B3B1ABDCE5200EC6D30 /* TweetRoll */;
			targetProxy = 7E712B561ABDCE5200EC6D30 /* PBXContainerItemProxy */;
		};
/* End PBXTargetDependency section */

/* Begin PBXVariantGroup section */
		7E712B491ABDCE5200EC6D30 /* Main.storyboard */ = {
			isa = PBXVariantGroup;
			children = (
				7E712B4A1ABDCE5200EC6D30 /* Base */,
			);
			name = Main.storyboard;
			sourceTree = "<group>";
		};
		7E712B4E1ABDCE5200EC6D30 /* LaunchScreen.xib */ = {
			isa = PBXVariantGroup;
			children = (
				7E712B4F1ABDCE5200EC6D30 /* Base */,
			);
			name = LaunchScreen.xib;
			sourceTree = "<group>";
		};
/* End PBXVariantGroup section */

/* Begin XCBuildConfiguration section */
		7E712B5D1ABDCE5200EC6D30 /* Debug */ = {
			isa = XCBuildConfiguration;
			buildSettings = {
				ALWAYS_SEARCH_USER_PATHS = NO;
				CLANG_CXX_LANGUAGE_STANDARD = "gnu++0x";
				CLANG_CXX_LIBRARY = "libc++";
				CLANG_ENABLE_MODULES = YES;
				CLANG_ENABLE_OBJC_ARC = YES;
				CLANG_WARN_BOOL_CONVERSION = YES;
				CLANG_WARN_CONSTANT_CONVERSION = YES;
				CLANG_WARN_DIRECT_OBJC_ISA_USAGE = YES_ERROR;
				CLANG_WARN_EMPTY_BODY = YES;
				CLANG_WARN_ENUM_CONVERSION = YES;
				CLANG_WARN_INT_CONVERSION = YES;
				CLANG_WARN_OBJC_ROOT_CLASS = YES_ERROR;
				CLANG_WARN_UNREACHABLE_CODE = YES;
				CLANG_WARN__DUPLICATE_METHOD_MATCH = YES;
				"CODE_SIGN_IDENTITY[sdk=iphoneos*]" = "iPhone Developer";
				COPY_PHASE_STRIP = NO;
				ENABLE_STRICT_OBJC_MSGSEND = YES;
				ENABLE_TESTABILITY = YES;
				GCC_C_LANGUAGE_STANDARD = gnu99;
				GCC_DYNAMIC_NO_PIC = NO;
				GCC_OPTIMIZATION_LEVEL = 0;
				GCC_PREPROCESSOR_DEFINITIONS = (
					"DEBUG=1",
					"$(inherited)",
				);
				GCC_SYMBOLS_PRIVATE_EXTERN = NO;
				GCC_WARN_64_TO_32_BIT_CONVERSION = YES;
				GCC_WARN_ABOUT_RETURN_TYPE = YES_ERROR;
				GCC_WARN_UNDECLARED_SELECTOR = YES;
				GCC_WARN_UNINITIALIZED_AUTOS = YES_AGGRESSIVE;
				GCC_WARN_UNUSED_FUNCTION = YES;
				GCC_WARN_UNUSED_VARIABLE = YES;
				IPHONEOS_DEPLOYMENT_TARGET = 8.2;
				MTL_ENABLE_DEBUG_INFO = YES;
				ONLY_ACTIVE_ARCH = YES;
				SDKROOT = iphoneos;
			};
			name = Debug;
		};
		7E712B5E1ABDCE5200EC6D30 /* Release */ = {
			isa = XCBuildConfiguration;
			buildSettings = {
				ALWAYS_SEARCH_USER_PATHS = NO;
				CLANG_CXX_LANGUAGE_STANDARD = "gnu++0x";
				CLANG_CXX_LIBRARY = "libc++";
				CLANG_ENABLE_MODULES = YES;
				CLANG_ENABLE_OBJC_ARC = YES;
				CLANG_WARN_BOOL_CONVERSION = YES;
				CLANG_WARN_CONSTANT_CONVERSION = YES;
				CLANG_WARN_DIRECT_OBJC_ISA_USAGE = YES_ERROR;
				CLANG_WARN_EMPTY_BODY = YES;
				CLANG_WARN_ENUM_CONVERSION = YES;
				CLANG_WARN_INT_CONVERSION = YES;
				CLANG_WARN_OBJC_ROOT_CLASS = YES_ERROR;
				CLANG_WARN_UNREACHABLE_CODE = YES;
				CLANG_WARN__DUPLICATE_METHOD_MATCH = YES;
				"CODE_SIGN_IDENTITY[sdk=iphoneos*]" = "iPhone Developer";
				COPY_PHASE_STRIP = NO;
				ENABLE_NS_ASSERTIONS = NO;
				ENABLE_STRICT_OBJC_MSGSEND = YES;
				GCC_C_LANGUAGE_STANDARD = gnu99;
				GCC_WARN_64_TO_32_BIT_CONVERSION = YES;
				GCC_WARN_ABOUT_RETURN_TYPE = YES_ERROR;
				GCC_WARN_UNDECLARED_SELECTOR = YES;
				GCC_WARN_UNINITIALIZED_AUTOS = YES_AGGRESSIVE;
				GCC_WARN_UNUSED_FUNCTION = YES;
				GCC_WARN_UNUSED_VARIABLE = YES;
				IPHONEOS_DEPLOYMENT_TARGET = 8.2;
				MTL_ENABLE_DEBUG_INFO = NO;
				SDKROOT = iphoneos;
				VALIDATE_PRODUCT = YES;
			};
			name = Release;
		};
		7E712B601ABDCE5200EC6D30 /* Debug */ = {
			isa = XCBuildConfiguration;
			baseConfigurationReference = 956276059CE13A0FA05120BF /* Pods-TweetRoll.debug.xcconfig */;
			buildSettings = {
				ASSETCATALOG_COMPILER_APPICON_NAME = AppIcon;
				FRAMEWORK_SEARCH_PATHS = (
					"$(inherited)",
					"$(PROJECT_DIR)",
				);
				INFOPLIST_FILE = TweetRoll/Info.plist;
				LD_RUNPATH_SEARCH_PATHS = "$(inherited) @executable_path/Frameworks";
				PRODUCT_BUNDLE_IDENTIFIER = "com.cameroncooke.$(PRODUCT_NAME:rfc1034identifier)";
				PRODUCT_NAME = "$(TARGET_NAME)";
			};
			name = Debug;
		};
		7E712B611ABDCE5200EC6D30 /* Release */ = {
			isa = XCBuildConfiguration;
			baseConfigurationReference = 498D1B954B6998BE2976F6A9 /* Pods-TweetRoll.release.xcconfig */;
			buildSettings = {
				ASSETCATALOG_COMPILER_APPICON_NAME = AppIcon;
				FRAMEWORK_SEARCH_PATHS = (
					"$(inherited)",
					"$(PROJECT_DIR)",
				);
				INFOPLIST_FILE = TweetRoll/Info.plist;
				LD_RUNPATH_SEARCH_PATHS = "$(inherited) @executable_path/Frameworks";
				PRODUCT_BUNDLE_IDENTIFIER = "com.cameroncooke.$(PRODUCT_NAME:rfc1034identifier)";
				PRODUCT_NAME = "$(TARGET_NAME)";
			};
			name = Release;
		};
		7E712B631ABDCE5200EC6D30 /* Debug */ = {
			isa = XCBuildConfiguration;
			buildSettings = {
				BUNDLE_LOADER = "$(TEST_HOST)";
				FRAMEWORK_SEARCH_PATHS = (
					"$(SDKROOT)/Developer/Library/Frameworks",
					"$(inherited)",
				);
				GCC_PREPROCESSOR_DEFINITIONS = (
					"DEBUG=1",
					"$(inherited)",
				);
				INFOPLIST_FILE = TweetRollTests/Info.plist;
				LD_RUNPATH_SEARCH_PATHS = "$(inherited) @executable_path/Frameworks @loader_path/Frameworks";
				PRODUCT_BUNDLE_IDENTIFIER = "uk.co.brightec.$(PRODUCT_NAME:rfc1034identifier)";
				PRODUCT_NAME = "$(TARGET_NAME)";
				TEST_HOST = "$(BUILT_PRODUCTS_DIR)/TweetRoll.app/TweetRoll";
			};
			name = Debug;
		};
		7E712B641ABDCE5200EC6D30 /* Release */ = {
			isa = XCBuildConfiguration;
			buildSettings = {
				BUNDLE_LOADER = "$(TEST_HOST)";
				FRAMEWORK_SEARCH_PATHS = (
					"$(SDKROOT)/Developer/Library/Frameworks",
					"$(inherited)",
				);
				INFOPLIST_FILE = TweetRollTests/Info.plist;
				LD_RUNPATH_SEARCH_PATHS = "$(inherited) @executable_path/Frameworks @loader_path/Frameworks";
				PRODUCT_BUNDLE_IDENTIFIER = "uk.co.brightec.$(PRODUCT_NAME:rfc1034identifier)";
				PRODUCT_NAME = "$(TARGET_NAME)";
				TEST_HOST = "$(BUILT_PRODUCTS_DIR)/TweetRoll.app/TweetRoll";
			};
			name = Release;
		};
/* End XCBuildConfiguration section */

/* Begin XCConfigurationList section */
		7E712B371ABDCE5200EC6D30 /* Build configuration list for PBXProject "TweetRoll" */ = {
			isa = XCConfigurationList;
			buildConfigurations = (
				7E712B5D1ABDCE5200EC6D30 /* Debug */,
				7E712B5E1ABDCE5200EC6D30 /* Release */,
			);
			defaultConfigurationIsVisible = 0;
			defaultConfigurationName = Release;
		};
		7E712B5F1ABDCE5200EC6D30 /* Build configuration list for PBXNativeTarget "TweetRoll" */ = {
			isa = XCConfigurationList;
			buildConfigurations = (
				7E712B601ABDCE5200EC6D30 /* Debug */,
				7E712B611ABDCE5200EC6D30 /* Release */,
			);
			defaultConfigurationIsVisible = 0;
			defaultConfigurationName = Release;
		};
		7E712B621ABDCE5200EC6D30 /* Build configuration list for PBXNativeTarget "TweetRollTests" */ = {
			isa = XCConfigurationList;
			buildConfigurations = (
				7E712B631ABDCE5200EC6D30 /* Debug */,
				7E712B641ABDCE5200EC6D30 /* Release */,
			);
			defaultConfigurationIsVisible = 0;
			defaultConfigurationName = Release;
		};
/* End XCConfigurationList section */
	};
	rootObject = 7E712B341ABDCE5200EC6D30 /* Project object */;
}
